// !$*UTF8*$!
{
	archiveVersion = 1;
	classes = {
	};
	objectVersion = 56;
	objects = {

/* Begin PBXBuildFile section */
		9C12FD532A170C00003C7EA9 /* TrimRun Watch App.app in Embed Watch Content */ = {isa = PBXBuildFile; fileRef = 9C12FD522A170C00003C7EA9 /* TrimRun Watch App.app */; settings = {ATTRIBUTES = (RemoveHeadersOnCopy, ); }; };
		9C12FD582A170C00003C7EA9 /* TrimRunApp.swift in Sources */ = {isa = PBXBuildFile; fileRef = 9C12FD572A170C00003C7EA9 /* TrimRunApp.swift */; };
		9C12FD5A2A170C00003C7EA9 /* ContentView.swift in Sources */ = {isa = PBXBuildFile; fileRef = 9C12FD592A170C00003C7EA9 /* ContentView.swift */; };
		9C12FD5C2A170C01003C7EA9 /* Assets.xcassets in Resources */ = {isa = PBXBuildFile; fileRef = 9C12FD5B2A170C01003C7EA9 /* Assets.xcassets */; };
		9C12FD5F2A170C01003C7EA9 /* Preview Assets.xcassets in Resources */ = {isa = PBXBuildFile; fileRef = 9C12FD5E2A170C01003C7EA9 /* Preview Assets.xcassets */; };
		9C12FD6A2A1718AF003C7EA9 /* HeartRateView.swift in Sources */ = {isa = PBXBuildFile; fileRef = 9C12FD692A1718AF003C7EA9 /* HeartRateView.swift */; };
		9C315CAC2A1AF90900BAA8D5 /* TimeLeftView.swift in Sources */ = {isa = PBXBuildFile; fileRef = 9C315CAB2A1AF90900BAA8D5 /* TimeLeftView.swift */; };
		9C315CAE2A1AFA3B00BAA8D5 /* IndicatorCardView.swift in Sources */ = {isa = PBXBuildFile; fileRef = 9C315CAD2A1AFA3B00BAA8D5 /* IndicatorCardView.swift */; };
		9C315CB22A1B17E400BAA8D5 /* IndicatorType.swift in Sources */ = {isa = PBXBuildFile; fileRef = 9C315CB12A1B17E400BAA8D5 /* IndicatorType.swift */; };
		9C315CB42A1B1B3400BAA8D5 /* MainView.swift in Sources */ = {isa = PBXBuildFile; fileRef = 9C315CB32A1B1B3400BAA8D5 /* MainView.swift */; };
		9C315CB82A1B37F900BAA8D5 /* SetTimeView.swift in Sources */ = {isa = PBXBuildFile; fileRef = 9C315CB72A1B37F900BAA8D5 /* SetTimeView.swift */; };
		9CA336C62A1C59190018764C /* HeartRateMonitor.swift in Sources */ = {isa = PBXBuildFile; fileRef = 9CA336C52A1C59190018764C /* HeartRateMonitor.swift */; };
		9CA336C82A1C83C00018764C /* HapticFeedback.swift in Sources */ = {isa = PBXBuildFile; fileRef = 9CA336C72A1C83C00018764C /* HapticFeedback.swift */; };
/* End PBXBuildFile section */

/* Begin PBXContainerItemProxy section */
		9C12FD542A170C00003C7EA9 /* PBXContainerItemProxy */ = {
			isa = PBXContainerItemProxy;
			containerPortal = 9C12FD462A170C00003C7EA9 /* Project object */;
			proxyType = 1;
			remoteGlobalIDString = 9C12FD512A170C00003C7EA9;
			remoteInfo = "TrimRun Watch App";
		};
/* End PBXContainerItemProxy section */

/* Begin PBXCopyFilesBuildPhase section */
		9C12FD652A170C01003C7EA9 /* Embed Watch Content */ = {
			isa = PBXCopyFilesBuildPhase;
			buildActionMask = 2147483647;
			dstPath = "$(CONTENTS_FOLDER_PATH)/Watch";
			dstSubfolderSpec = 16;
			files = (
				9C12FD532A170C00003C7EA9 /* TrimRun Watch App.app in Embed Watch Content */,
			);
			name = "Embed Watch Content";
			runOnlyForDeploymentPostprocessing = 0;
		};
/* End PBXCopyFilesBuildPhase section */

/* Begin PBXFileReference section */
		9C12FD4C2A170C00003C7EA9 /* TrimRun.app */ = {isa = PBXFileReference; explicitFileType = wrapper.application; includeInIndex = 0; path = TrimRun.app; sourceTree = BUILT_PRODUCTS_DIR; };
		9C12FD522A170C00003C7EA9 /* TrimRun Watch App.app */ = {isa = PBXFileReference; explicitFileType = wrapper.application; includeInIndex = 0; path = "TrimRun Watch App.app"; sourceTree = BUILT_PRODUCTS_DIR; };
		9C12FD572A170C00003C7EA9 /* TrimRunApp.swift */ = {isa = PBXFileReference; lastKnownFileType = sourcecode.swift; path = TrimRunApp.swift; sourceTree = "<group>"; };
		9C12FD592A170C00003C7EA9 /* ContentView.swift */ = {isa = PBXFileReference; lastKnownFileType = sourcecode.swift; path = ContentView.swift; sourceTree = "<group>"; };
		9C12FD5B2A170C01003C7EA9 /* Assets.xcassets */ = {isa = PBXFileReference; lastKnownFileType = folder.assetcatalog; path = Assets.xcassets; sourceTree = "<group>"; };
		9C12FD5E2A170C01003C7EA9 /* Preview Assets.xcassets */ = {isa = PBXFileReference; lastKnownFileType = folder.assetcatalog; path = "Preview Assets.xcassets"; sourceTree = "<group>"; };
		9C12FD692A1718AF003C7EA9 /* HeartRateView.swift */ = {isa = PBXFileReference; lastKnownFileType = sourcecode.swift; path = HeartRateView.swift; sourceTree = "<group>"; };
		9C315CAB2A1AF90900BAA8D5 /* TimeLeftView.swift */ = {isa = PBXFileReference; lastKnownFileType = sourcecode.swift; path = TimeLeftView.swift; sourceTree = "<group>"; };
		9C315CAD2A1AFA3B00BAA8D5 /* IndicatorCardView.swift */ = {isa = PBXFileReference; lastKnownFileType = sourcecode.swift; path = IndicatorCardView.swift; sourceTree = "<group>"; };
		9C315CB12A1B17E400BAA8D5 /* IndicatorType.swift */ = {isa = PBXFileReference; lastKnownFileType = sourcecode.swift; path = IndicatorType.swift; sourceTree = "<group>"; };
		9C315CB32A1B1B3400BAA8D5 /* MainView.swift */ = {isa = PBXFileReference; lastKnownFileType = sourcecode.swift; path = MainView.swift; sourceTree = "<group>"; };
		9C315CB72A1B37F900BAA8D5 /* SetTimeView.swift */ = {isa = PBXFileReference; lastKnownFileType = sourcecode.swift; path = SetTimeView.swift; sourceTree = "<group>"; };
		9CA336C42A1C52F60018764C /* TrimRun Watch App.entitlements */ = {isa = PBXFileReference; lastKnownFileType = text.plist.entitlements; path = "TrimRun Watch App.entitlements"; sourceTree = "<group>"; };
		9CA336C52A1C59190018764C /* HeartRateMonitor.swift */ = {isa = PBXFileReference; lastKnownFileType = sourcecode.swift; path = HeartRateMonitor.swift; sourceTree = "<group>"; };
		9CA336C72A1C83C00018764C /* HapticFeedback.swift */ = {isa = PBXFileReference; lastKnownFileType = sourcecode.swift; path = HapticFeedback.swift; sourceTree = "<group>"; };
/* End PBXFileReference section */

/* Begin PBXFrameworksBuildPhase section */
		9C12FD4F2A170C00003C7EA9 /* Frameworks */ = {
			isa = PBXFrameworksBuildPhase;
			buildActionMask = 2147483647;
			files = (
			);
			runOnlyForDeploymentPostprocessing = 0;
		};
/* End PBXFrameworksBuildPhase section */

/* Begin PBXGroup section */
		9C12FD452A170C00003C7EA9 = {
			isa = PBXGroup;
			children = (
				9C12FD562A170C00003C7EA9 /* TrimRun Watch App */,
				9C12FD4D2A170C00003C7EA9 /* Products */,
			);
			sourceTree = "<group>";
		};
		9C12FD4D2A170C00003C7EA9 /* Products */ = {
			isa = PBXGroup;
			children = (
				9C12FD4C2A170C00003C7EA9 /* TrimRun.app */,
				9C12FD522A170C00003C7EA9 /* TrimRun Watch App.app */,
			);
			name = Products;
			sourceTree = "<group>";
		};
		9C12FD562A170C00003C7EA9 /* TrimRun Watch App */ = {
			isa = PBXGroup;
			children = (
				9CA336C42A1C52F60018764C /* TrimRun Watch App.entitlements */,
				9C315CB02A1B123700BAA8D5 /* ViewModel */,
				9C315CAF2A1B122600BAA8D5 /* View */,
				9C12FD572A170C00003C7EA9 /* TrimRunApp.swift */,
				9C12FD592A170C00003C7EA9 /* ContentView.swift */,
				9C12FD5B2A170C01003C7EA9 /* Assets.xcassets */,
				9C12FD5D2A170C01003C7EA9 /* Preview Content */,
			);
			path = "TrimRun Watch App";
			sourceTree = "<group>";
		};
		9C12FD5D2A170C01003C7EA9 /* Preview Content */ = {
			isa = PBXGroup;
			children = (
				9C12FD5E2A170C01003C7EA9 /* Preview Assets.xcassets */,
			);
			path = "Preview Content";
			sourceTree = "<group>";
		};
		9C315CAF2A1B122600BAA8D5 /* View */ = {
			isa = PBXGroup;
			children = (
				9C12FD692A1718AF003C7EA9 /* HeartRateView.swift */,
				9C315CAD2A1AFA3B00BAA8D5 /* IndicatorCardView.swift */,
				9C315CAB2A1AF90900BAA8D5 /* TimeLeftView.swift */,
				9C315CB32A1B1B3400BAA8D5 /* MainView.swift */,
				9C315CB72A1B37F900BAA8D5 /* SetTimeView.swift */,
			);
			path = View;
			sourceTree = "<group>";
		};
		9C315CB02A1B123700BAA8D5 /* ViewModel */ = {
			isa = PBXGroup;
			children = (
				9C315CB12A1B17E400BAA8D5 /* IndicatorType.swift */,
				9CA336C52A1C59190018764C /* HeartRateMonitor.swift */,
				9CA336C72A1C83C00018764C /* HapticFeedback.swift */,
			);
			path = ViewModel;
			sourceTree = "<group>";
		};
/* End PBXGroup section */

/* Begin PBXNativeTarget section */
		9C12FD4B2A170C00003C7EA9 /* TrimRun */ = {
			isa = PBXNativeTarget;
			buildConfigurationList = 9C12FD662A170C01003C7EA9 /* Build configuration list for PBXNativeTarget "TrimRun" */;
			buildPhases = (
				9C12FD4A2A170C00003C7EA9 /* Resources */,
				9C12FD652A170C01003C7EA9 /* Embed Watch Content */,
			);
			buildRules = (
			);
			dependencies = (
				9C12FD552A170C00003C7EA9 /* PBXTargetDependency */,
			);
			name = TrimRun;
			productName = TrimRun;
			productReference = 9C12FD4C2A170C00003C7EA9 /* TrimRun.app */;
			productType = "com.apple.product-type.application.watchapp2-container";
		};
		9C12FD512A170C00003C7EA9 /* TrimRun Watch App */ = {
			isa = PBXNativeTarget;
			buildConfigurationList = 9C12FD622A170C01003C7EA9 /* Build configuration list for PBXNativeTarget "TrimRun Watch App" */;
			buildPhases = (
				9C12FD4E2A170C00003C7EA9 /* Sources */,
				9C12FD4F2A170C00003C7EA9 /* Frameworks */,
				9C12FD502A170C00003C7EA9 /* Resources */,
			);
			buildRules = (
			);
			dependencies = (
			);
			name = "TrimRun Watch App";
			productName = "TrimRun Watch App";
			productReference = 9C12FD522A170C00003C7EA9 /* TrimRun Watch App.app */;
			productType = "com.apple.product-type.application";
		};
/* End PBXNativeTarget section */

/* Begin PBXProject section */
		9C12FD462A170C00003C7EA9 /* Project object */ = {
			isa = PBXProject;
			attributes = {
				BuildIndependentTargetsInParallel = 1;
				LastSwiftUpdateCheck = 1430;
				LastUpgradeCheck = 1430;
				TargetAttributes = {
					9C12FD4B2A170C00003C7EA9 = {
						CreatedOnToolsVersion = 14.3;
					};
					9C12FD512A170C00003C7EA9 = {
						CreatedOnToolsVersion = 14.3;
					};
				};
			};
			buildConfigurationList = 9C12FD492A170C00003C7EA9 /* Build configuration list for PBXProject "TrimRun" */;
			compatibilityVersion = "Xcode 14.0";
			developmentRegion = en;
			hasScannedForEncodings = 0;
			knownRegions = (
				en,
				Base,
			);
			mainGroup = 9C12FD452A170C00003C7EA9;
			productRefGroup = 9C12FD4D2A170C00003C7EA9 /* Products */;
			projectDirPath = "";
			projectRoot = "";
			targets = (
				9C12FD4B2A170C00003C7EA9 /* TrimRun */,
				9C12FD512A170C00003C7EA9 /* TrimRun Watch App */,
			);
		};
/* End PBXProject section */

/* Begin PBXResourcesBuildPhase section */
		9C12FD4A2A170C00003C7EA9 /* Resources */ = {
			isa = PBXResourcesBuildPhase;
			buildActionMask = 2147483647;
			files = (
			);
			runOnlyForDeploymentPostprocessing = 0;
		};
		9C12FD502A170C00003C7EA9 /* Resources */ = {
			isa = PBXResourcesBuildPhase;
			buildActionMask = 2147483647;
			files = (
				9C12FD5F2A170C01003C7EA9 /* Preview Assets.xcassets in Resources */,
				9C12FD5C2A170C01003C7EA9 /* Assets.xcassets in Resources */,
			);
			runOnlyForDeploymentPostprocessing = 0;
		};
/* End PBXResourcesBuildPhase section */

/* Begin PBXSourcesBuildPhase section */
		9C12FD4E2A170C00003C7EA9 /* Sources */ = {
			isa = PBXSourcesBuildPhase;
			buildActionMask = 2147483647;
			files = (
				9C315CAE2A1AFA3B00BAA8D5 /* IndicatorCardView.swift in Sources */,
				9C315CB42A1B1B3400BAA8D5 /* MainView.swift in Sources */,
				9C315CB82A1B37F900BAA8D5 /* SetTimeView.swift in Sources */,
				9C12FD5A2A170C00003C7EA9 /* ContentView.swift in Sources */,
				9C12FD582A170C00003C7EA9 /* TrimRunApp.swift in Sources */,
				9CA336C62A1C59190018764C /* HeartRateMonitor.swift in Sources */,
				9C315CB22A1B17E400BAA8D5 /* IndicatorType.swift in Sources */,
				9CA336C82A1C83C00018764C /* HapticFeedback.swift in Sources */,
				9C315CAC2A1AF90900BAA8D5 /* TimeLeftView.swift in Sources */,
				9C12FD6A2A1718AF003C7EA9 /* HeartRateView.swift in Sources */,
			);
			runOnlyForDeploymentPostprocessing = 0;
		};
/* End PBXSourcesBuildPhase section */

/* Begin PBXTargetDependency section */
		9C12FD552A170C00003C7EA9 /* PBXTargetDependency */ = {
			isa = PBXTargetDependency;
			target = 9C12FD512A170C00003C7EA9 /* TrimRun Watch App */;
			targetProxy = 9C12FD542A170C00003C7EA9 /* PBXContainerItemProxy */;
		};
/* End PBXTargetDependency section */

/* Begin XCBuildConfiguration section */
		9C12FD602A170C01003C7EA9 /* Debug */ = {
			isa = XCBuildConfiguration;
			buildSettings = {
				ALWAYS_SEARCH_USER_PATHS = NO;
				CLANG_ANALYZER_NONNULL = YES;
				CLANG_ANALYZER_NUMBER_OBJECT_CONVERSION = YES_AGGRESSIVE;
				CLANG_CXX_LANGUAGE_STANDARD = "gnu++20";
				CLANG_ENABLE_MODULES = YES;
				CLANG_ENABLE_OBJC_ARC = YES;
				CLANG_ENABLE_OBJC_WEAK = YES;
				CLANG_WARN_BLOCK_CAPTURE_AUTORELEASING = YES;
				CLANG_WARN_BOOL_CONVERSION = YES;
				CLANG_WARN_COMMA = YES;
				CLANG_WARN_CONSTANT_CONVERSION = YES;
				CLANG_WARN_DEPRECATED_OBJC_IMPLEMENTATIONS = YES;
				CLANG_WARN_DIRECT_OBJC_ISA_USAGE = YES_ERROR;
				CLANG_WARN_DOCUMENTATION_COMMENTS = YES;
				CLANG_WARN_EMPTY_BODY = YES;
				CLANG_WARN_ENUM_CONVERSION = YES;
				CLANG_WARN_INFINITE_RECURSION = YES;
				CLANG_WARN_INT_CONVERSION = YES;
				CLANG_WARN_NON_LITERAL_NULL_CONVERSION = YES;
				CLANG_WARN_OBJC_IMPLICIT_RETAIN_SELF = YES;
				CLANG_WARN_OBJC_LITERAL_CONVERSION = YES;
				CLANG_WARN_OBJC_ROOT_CLASS = YES_ERROR;
				CLANG_WARN_QUOTED_INCLUDE_IN_FRAMEWORK_HEADER = YES;
				CLANG_WARN_RANGE_LOOP_ANALYSIS = YES;
				CLANG_WARN_STRICT_PROTOTYPES = YES;
				CLANG_WARN_SUSPICIOUS_MOVE = YES;
				CLANG_WARN_UNGUARDED_AVAILABILITY = YES_AGGRESSIVE;
				CLANG_WARN_UNREACHABLE_CODE = YES;
				CLANG_WARN__DUPLICATE_METHOD_MATCH = YES;
				COPY_PHASE_STRIP = NO;
				DEBUG_INFORMATION_FORMAT = dwarf;
				ENABLE_STRICT_OBJC_MSGSEND = YES;
				ENABLE_TESTABILITY = YES;
				GCC_C_LANGUAGE_STANDARD = gnu11;
				GCC_DYNAMIC_NO_PIC = NO;
				GCC_NO_COMMON_BLOCKS = YES;
				GCC_OPTIMIZATION_LEVEL = 0;
				GCC_PREPROCESSOR_DEFINITIONS = (
					"DEBUG=1",
					"$(inherited)",
				);
				GCC_WARN_64_TO_32_BIT_CONVERSION = YES;
				GCC_WARN_ABOUT_RETURN_TYPE = YES_ERROR;
				GCC_WARN_UNDECLARED_SELECTOR = YES;
				GCC_WARN_UNINITIALIZED_AUTOS = YES_AGGRESSIVE;
				GCC_WARN_UNUSED_FUNCTION = YES;
				GCC_WARN_UNUSED_VARIABLE = YES;
				MTL_ENABLE_DEBUG_INFO = INCLUDE_SOURCE;
				MTL_FAST_MATH = YES;
				ONLY_ACTIVE_ARCH = YES;
				SWIFT_ACTIVE_COMPILATION_CONDITIONS = DEBUG;
				SWIFT_OPTIMIZATION_LEVEL = "-Onone";
			};
			name = Debug;
		};
		9C12FD612A170C01003C7EA9 /* Release */ = {
			isa = XCBuildConfiguration;
			buildSettings = {
				ALWAYS_SEARCH_USER_PATHS = NO;
				CLANG_ANALYZER_NONNULL = YES;
				CLANG_ANALYZER_NUMBER_OBJECT_CONVERSION = YES_AGGRESSIVE;
				CLANG_CXX_LANGUAGE_STANDARD = "gnu++20";
				CLANG_ENABLE_MODULES = YES;
				CLANG_ENABLE_OBJC_ARC = YES;
				CLANG_ENABLE_OBJC_WEAK = YES;
				CLANG_WARN_BLOCK_CAPTURE_AUTORELEASING = YES;
				CLANG_WARN_BOOL_CONVERSION = YES;
				CLANG_WARN_COMMA = YES;
				CLANG_WARN_CONSTANT_CONVERSION = YES;
				CLANG_WARN_DEPRECATED_OBJC_IMPLEMENTATIONS = YES;
				CLANG_WARN_DIRECT_OBJC_ISA_USAGE = YES_ERROR;
				CLANG_WARN_DOCUMENTATION_COMMENTS = YES;
				CLANG_WARN_EMPTY_BODY = YES;
				CLANG_WARN_ENUM_CONVERSION = YES;
				CLANG_WARN_INFINITE_RECURSION = YES;
				CLANG_WARN_INT_CONVERSION = YES;
				CLANG_WARN_NON_LITERAL_NULL_CONVERSION = YES;
				CLANG_WARN_OBJC_IMPLICIT_RETAIN_SELF = YES;
				CLANG_WARN_OBJC_LITERAL_CONVERSION = YES;
				CLANG_WARN_OBJC_ROOT_CLASS = YES_ERROR;
				CLANG_WARN_QUOTED_INCLUDE_IN_FRAMEWORK_HEADER = YES;
				CLANG_WARN_RANGE_LOOP_ANALYSIS = YES;
				CLANG_WARN_STRICT_PROTOTYPES = YES;
				CLANG_WARN_SUSPICIOUS_MOVE = YES;
				CLANG_WARN_UNGUARDED_AVAILABILITY = YES_AGGRESSIVE;
				CLANG_WARN_UNREACHABLE_CODE = YES;
				CLANG_WARN__DUPLICATE_METHOD_MATCH = YES;
				COPY_PHASE_STRIP = NO;
				DEBUG_INFORMATION_FORMAT = "dwarf-with-dsym";
				ENABLE_NS_ASSERTIONS = NO;
				ENABLE_STRICT_OBJC_MSGSEND = YES;
				GCC_C_LANGUAGE_STANDARD = gnu11;
				GCC_NO_COMMON_BLOCKS = YES;
				GCC_WARN_64_TO_32_BIT_CONVERSION = YES;
				GCC_WARN_ABOUT_RETURN_TYPE = YES_ERROR;
				GCC_WARN_UNDECLARED_SELECTOR = YES;
				GCC_WARN_UNINITIALIZED_AUTOS = YES_AGGRESSIVE;
				GCC_WARN_UNUSED_FUNCTION = YES;
				GCC_WARN_UNUSED_VARIABLE = YES;
				MTL_ENABLE_DEBUG_INFO = NO;
				MTL_FAST_MATH = YES;
				SWIFT_COMPILATION_MODE = wholemodule;
				SWIFT_OPTIMIZATION_LEVEL = "-O";
			};
			name = Release;
		};
		9C12FD632A170C01003C7EA9 /* Debug */ = {
			isa = XCBuildConfiguration;
			buildSettings = {
				ASSETCATALOG_COMPILER_APPICON_NAME = AppIcon;
				ASSETCATALOG_COMPILER_GLOBAL_ACCENT_COLOR_NAME = AccentColor;
				CODE_SIGN_ENTITLEMENTS = "TrimRun Watch App/TrimRun Watch App.entitlements";
				CODE_SIGN_STYLE = Automatic;
				CURRENT_PROJECT_VERSION = 1;
				DEVELOPMENT_ASSET_PATHS = "\"TrimRun Watch App/Preview Content\"";
				DEVELOPMENT_TEAM = J76B5263UU;
				ENABLE_PREVIEWS = YES;
				GENERATE_INFOPLIST_FILE = YES;
				INFOPLIST_KEY_CFBundleDisplayName = TrimRun;
				INFOPLIST_KEY_NSHealthClinicalHealthRecordsShareUsageDescription = "For health record usage";
				INFOPLIST_KEY_NSHealthShareUsageDescription = "For health share usage";
				INFOPLIST_KEY_NSHealthUpdateUsageDescription = "For health update usage";
				INFOPLIST_KEY_UISupportedInterfaceOrientations = "UIInterfaceOrientationPortrait UIInterfaceOrientationPortraitUpsideDown";
				INFOPLIST_KEY_WKWatchOnly = YES;
				LD_RUNPATH_SEARCH_PATHS = (
					"$(inherited)",
					"@executable_path/Frameworks",
				);
				MARKETING_VERSION = 1.0;
				PRODUCT_BUNDLE_IDENTIFIER = com.TrimRun.watchkitapp;
				PRODUCT_NAME = "$(TARGET_NAME)";
				SDKROOT = watchos;
				SKIP_INSTALL = YES;
				SWIFT_EMIT_LOC_STRINGS = YES;
				SWIFT_VERSION = 5.0;
				TARGETED_DEVICE_FAMILY = 4;
				WATCHOS_DEPLOYMENT_TARGET = 9.1;
			};
			name = Debug;
		};
		9C12FD642A170C01003C7EA9 /* Release */ = {
			isa = XCBuildConfiguration;
			buildSettings = {
				ASSETCATALOG_COMPILER_APPICON_NAME = AppIcon;
				ASSETCATALOG_COMPILER_GLOBAL_ACCENT_COLOR_NAME = AccentColor;
				CODE_SIGN_ENTITLEMENTS = "TrimRun Watch App/TrimRun Watch App.entitlements";
				CODE_SIGN_STYLE = Automatic;
				CURRENT_PROJECT_VERSION = 1;
				DEVELOPMENT_ASSET_PATHS = "\"TrimRun Watch App/Preview Content\"";
				DEVELOPMENT_TEAM = J76B5263UU;
				ENABLE_PREVIEWS = YES;
				GENERATE_INFOPLIST_FILE = YES;
				INFOPLIST_KEY_CFBundleDisplayName = TrimRun;
				INFOPLIST_KEY_NSHealthClinicalHealthRecordsShareUsageDescription = "For health record usage";
				INFOPLIST_KEY_NSHealthShareUsageDescription = "For health share usage";
				INFOPLIST_KEY_NSHealthUpdateUsageDescription = "For health update usage";
				INFOPLIST_KEY_UISupportedInterfaceOrientations = "UIInterfaceOrientationPortrait UIInterfaceOrientationPortraitUpsideDown";
				INFOPLIST_KEY_WKWatchOnly = YES;
				LD_RUNPATH_SEARCH_PATHS = (
					"$(inherited)",
					"@executable_path/Frameworks",
				);
				MARKETING_VERSION = 1.0;
				PRODUCT_BUNDLE_IDENTIFIER = com.TrimRun.watchkitapp;
				PRODUCT_NAME = "$(TARGET_NAME)";
				SDKROOT = watchos;
				SKIP_INSTALL = YES;
				SWIFT_EMIT_LOC_STRINGS = YES;
				SWIFT_VERSION = 5.0;
				TARGETED_DEVICE_FAMILY = 4;
				VALIDATE_PRODUCT = YES;
				WATCHOS_DEPLOYMENT_TARGET = 9.1;
			};
			name = Release;
		};
		9C12FD672A170C01003C7EA9 /* Debug */ = {
			isa = XCBuildConfiguration;
			buildSettings = {
				ALWAYS_EMBED_SWIFT_STANDARD_LIBRARIES = YES;
				CODE_SIGN_STYLE = Automatic;
				CURRENT_PROJECT_VERSION = 1;
				DEVELOPMENT_TEAM = J76B5263UU;
				INFOPLIST_KEY_CFBundleDisplayName = TrimRun;
				MARKETING_VERSION = 1.0;
				PRODUCT_BUNDLE_IDENTIFIER = com.TrimRun;
				PRODUCT_NAME = "$(TARGET_NAME)";
				SDKROOT = iphoneos;
				SWIFT_VERSION = 5.0;
			};
			name = Debug;
		};
		9C12FD682A170C01003C7EA9 /* Release */ = {
			isa = XCBuildConfiguration;
			buildSettings = {
				ALWAYS_EMBED_SWIFT_STANDARD_LIBRARIES = YES;
				CODE_SIGN_STYLE = Automatic;
				CURRENT_PROJECT_VERSION = 1;
				DEVELOPMENT_TEAM = J76B5263UU;
				INFOPLIST_KEY_CFBundleDisplayName = TrimRun;
				MARKETING_VERSION = 1.0;
				PRODUCT_BUNDLE_IDENTIFIER = com.TrimRun;
				PRODUCT_NAME = "$(TARGET_NAME)";
				SDKROOT = iphoneos;
				SWIFT_VERSION = 5.0;
				VALIDATE_PRODUCT = YES;
			};
			name = Release;
		};
/* End XCBuildConfiguration section */

/* Begin XCConfigurationList section */
		9C12FD492A170C00003C7EA9 /* Build configuration list for PBXProject "TrimRun" */ = {
			isa = XCConfigurationList;
			buildConfigurations = (
				9C12FD602A170C01003C7EA9 /* Debug */,
				9C12FD612A170C01003C7EA9 /* Release */,
			);
			defaultConfigurationIsVisible = 0;
			defaultConfigurationName = Release;
		};
		9C12FD622A170C01003C7EA9 /* Build configuration list for PBXNativeTarget "TrimRun Watch App" */ = {
			isa = XCConfigurationList;
			buildConfigurations = (
				9C12FD632A170C01003C7EA9 /* Debug */,
				9C12FD642A170C01003C7EA9 /* Release */,
			);
			defaultConfigurationIsVisible = 0;
			defaultConfigurationName = Release;
		};
		9C12FD662A170C01003C7EA9 /* Build configuration list for PBXNativeTarget "TrimRun" */ = {
			isa = XCConfigurationList;
			buildConfigurations = (
				9C12FD672A170C01003C7EA9 /* Debug */,
				9C12FD682A170C01003C7EA9 /* Release */,
			);
			defaultConfigurationIsVisible = 0;
			defaultConfigurationName = Release;
		};
/* End XCConfigurationList section */
	};
	rootObject = 9C12FD462A170C00003C7EA9 /* Project object */;
}
